
Microsoft Visual Studio Solution File, Format Version 12.00
# Visual Studio Version 16
VisualStudioVersion = 16.0.34407.143
MinimumVisualStudioVersion = 10.0.40219.1
Project("{9A19103F-16F7-4668-BE54-9A1E7A4F7556}") = "HealthInsurance", "HealthInsurance.csproj", "{5BD0D83B-47EE-4BDC-A220-24D7B74AE372}"
EndProject
Global
	GlobalSection(SolutionConfigurationPlatforms) = preSolution
		Debug|Any CPU = Debug|Any CPU
		Release|Any CPU = Release|Any CPU
	EndGlobalSection
	GlobalSection(ProjectConfigurationPlatforms) = postSolution
		{5BD0D83B-47EE-4BDC-A220-24D7B74AE372}.Debug|Any CPU.ActiveCfg = Debug|Any CPU
		{5BD0D83B-47EE-4BDC-A220-24D7B74AE372}.Debug|Any CPU.Build.0 = Debug|Any CPU
		{5BD0D83B-47EE-4BDC-A220-24D7B74AE372}.Release|Any CPU.ActiveCfg = Release|Any CPU
		{5BD0D83B-47EE-4BDC-A220-24D7B74AE372}.Release|Any CPU.Build.0 = Release|Any CPU
	EndGlobalSection
	GlobalSection(SolutionProperties) = preSolution
		HideSolutionNode = FALSE
	EndGlobalSection
	GlobalSection(ExtensibilityGlobals) = postSolution
		SolutionGuid = {D6FE485B-546F-4617-8D3E-AF9CDDCD225A}
	EndGlobalSection
EndGlobal
