
Microsoft Visual Studio Solution File, Format Version 12.00
# Visual Studio Version 16
VisualStudioVersion = 16.0.34407.143
MinimumVisualStudioVersion = 10.0.40219.1
Project("{9A19103F-16F7-4668-BE54-9A1E7A4F7556}") = "ShortInsurance", "ShortInsurance.csproj", "{907E748E-77B3-489C-956D-DDEC189333CB}"
EndProject
Global
	GlobalSection(SolutionConfigurationPlatforms) = preSolution
		Debug|Any CPU = Debug|Any CPU
		Release|Any CPU = Release|Any CPU
	EndGlobalSection
	GlobalSection(ProjectConfigurationPlatforms) = postSolution
		{907E748E-77B3-489C-956D-DDEC189333CB}.Debug|Any CPU.ActiveCfg = Debug|Any CPU
		{907E748E-77B3-489C-956D-DDEC189333CB}.Debug|Any CPU.Build.0 = Debug|Any CPU
		{907E748E-77B3-489C-956D-DDEC189333CB}.Release|Any CPU.ActiveCfg = Release|Any CPU
		{907E748E-77B3-489C-956D-DDEC189333CB}.Release|Any CPU.Build.0 = Release|Any CPU
	EndGlobalSection
	GlobalSection(SolutionProperties) = preSolution
		HideSolutionNode = FALSE
	EndGlobalSection
	GlobalSection(ExtensibilityGlobals) = postSolution
		SolutionGuid = {A493D1B2-0F76-4C82-B15F-E5172CA040AC}
	EndGlobalSection
EndGlobal
