
Microsoft Visual Studio Solution File, Format Version 12.00
# Visual Studio Version 17
VisualStudioVersion = 17.9.34723.18
MinimumVisualStudioVersion = 10.0.40219.1
Project("{9A19103F-16F7-4668-BE54-9A1E7A4F7556}") = "HasSimStarted", "HasSimStarted.csproj", "{0297ECEB-437F-407E-B146-49EF5FB8838D}"
EndProject
Global
	GlobalSection(SolutionConfigurationPlatforms) = preSolution
		Debug|Any CPU = Debug|Any CPU
		Release|Any CPU = Release|Any CPU
	EndGlobalSection
	GlobalSection(ProjectConfigurationPlatforms) = postSolution
		{0297ECEB-437F-407E-B146-49EF5FB8838D}.Debug|Any CPU.ActiveCfg = Debug|Any CPU
		{0297ECEB-437F-407E-B146-49EF5FB8838D}.Debug|Any CPU.Build.0 = Debug|Any CPU
		{0297ECEB-437F-407E-B146-49EF5FB8838D}.Release|Any CPU.ActiveCfg = Release|Any CPU
		{0297ECEB-437F-407E-B146-49EF5FB8838D}.Release|Any CPU.Build.0 = Release|Any CPU
	EndGlobalSection
	GlobalSection(SolutionProperties) = preSolution
		HideSolutionNode = FALSE
	EndGlobalSection
	GlobalSection(ExtensibilityGlobals) = postSolution
		SolutionGuid = {BDC99C48-81D4-4D05-A28E-96CDC5F58B30}
	EndGlobalSection
EndGlobal
